{
  "name": "ffmpeg-extract",
  "version": "1.1.0",
  "lockfileVersion": 1,
  "requires": true,
  "dependencies": {
    "chardet": {
      "version": "0.8.0",
      "resolved": "https://registry.npmjs.org/chardet/-/chardet-0.8.0.tgz",
      "integrity": "sha512-fRAe54sDSPvCz9I3puKUoUpLBEIUjlwBoNyNcD2eAiP5Ybw2iXnrT7w15hfkNywosXFNllWwvOKsxl7UUCKQaQ=="
    },
    "debug": {
      "version": "4.1.1",
      "resolved": "https://registry.npmjs.org/debug/-/debug-4.1.1.tgz",
      "integrity": "sha512-pYAIzeRo8J6KPEaJ0VWOh5Pzkbw/RetuzehGM7QRRX5he4fPHx2rdKMB256ehJCkX+XRQm16eZLqLNS8RSZXZw==",
      "requires": {
        "ms": "^2.1.1"
      }
    },
    "ffprobe-mini": {
      "version": "1.0.1",
      "resolved": "https://registry.npmjs.org/ffprobe-mini/-/ffprobe-mini-1.0.1.tgz",
      "integrity": "sha512-rG6SnkJ44WwmUyNY4PD0z2zn/K/NuH5KGcI63CGJmRIi79zkIHyfkkN+96VCN9JQpMfqa6XVJAz67DX0KKWY6Q=="
    },
    "ms": {
      "version": "2.1.2",
      "resolved": "https://registry.npmjs.org/ms/-/ms-2.1.2.tgz",
      "integrity": "sha512-sGkPx+VjMtmA6MX27oA4FBFELFCZZ4S4XqeGOXCv68tT+jb3vk/RyaKWP0PTKyWtmLSM0b+adUTEvbs1PEaH2w=="
    }
  }
}
